{
    "_readme": [
        "This file locks the dependencies of your project to a known state",
        "Read more about it at https://getcomposer.org/doc/01-basic-usage.md#installing-dependencies",
        "This file is @generated automatically"
    ],
    "content-hash": "f24198aaff3928ff557366b729ba96e8",
    "packages": [],
    "packages-dev": [
        {
            "name": "symplify/monorepo-builder",
            "version": "10.2.6",
            "source": {
                "type": "git",
                "url": "https://github.com/symplify/monorepo-builder.git",
                "reference": "56c5dde690d417e42bff845f35f8bb5b60bb9200"
            },
            "dist": {
                "type": "zip",
                "url": "https://api.github.com/repos/symplify/monorepo-builder/zipball/56c5dde690d417e42bff845f35f8bb5b60bb9200",
                "reference": "56c5dde690d417e42bff845f35f8bb5b60bb9200",
                "shasum": ""
            },
            "require": {
                "php": ">=7.2"
            },
            "bin": [
                "bin/monorepo-builder"
            ],
            "type": "library",
            "extra": {
                "branch-alias": {
                    "dev-main": "9.5-dev"
                }
            },
            "notification-url": "https://packagist.org/downloads/",
            "license": [
                "MIT"
            ],
            "description": "Prefixed version of Not only Composer tools to build a Monorepo.",
            "support": {
                "source": "https://github.com/symplify/monorepo-builder/tree/10.2.6"
            },
            "funding": [
                {
                    "url": "https://www.paypal.me/rectorphp",
                    "type": "custom"
                },
                {
                    "url": "https://github.com/tomasvotruba",
                    "type": "github"
                }
            ],
            "time": "2022-05-17T07:08:29+00:00"
        }
    ],
    "aliases": [],
    "minimum-stability": "stable",
    "stability-flags": [],
    "prefer-stable": false,
    "prefer-lowest": false,
    "platform": [],
    "platform-dev": [],
    "plugin-api-version": "2.1.0"
}
